{
  "originHash" : "fc4514283caca77026b0ab6d79a7b478d5d1f8103211cb935769723a3b1b6ec4",
  "pins" : [
    {
      "identity" : "adsglobalpackage",
      "kind" : "remoteSourceControl",
      "location" : "https://github.com/bytedance/AdsGlobalPackage",
      "state" : {
        "revision" : "37c5b9445cfab36d021834fdcba748f3ff3f85d0",
        "version" : "8.1.0-release.9"
      }
    },
    {
      "identity" : "capacitor-swift-pm",
      "kind" : "remoteSourceControl",
      "location" : "https://github.com/ionic-team/capacitor-swift-pm.git",
      "state" : {
        "revision" : "44ae2505f54a80c5e559533950886d0644fc2fca",
        "version" : "8.4.0"
      }
    }
  ],
  "version" : 3
}
